Microsoft Visual Studio Solution File, Format Version 11.00
# Visual Studio 2008

Project("{60ED4031-66B2-042D-81EA-7F1A14F3C125}") = "Guerra dos céus-inferno na Terra", "Assembly-CSharp.csproj", "{9DAE7E71-B4AB-7BAA-85EA-F80478CB1CFC}"
EndProject
Global
	GlobalSection(SolutionConfigurationPlatforms) = preSolution
		Debug|Any CPU = Debug|Any CPU
		Release|Any CPU = Release|Any CPU
	EndGlobalSection
	GlobalSection(ProjectConfigurationPlatforms) = postSolution
		{9DAE7E71-B4AB-7BAA-85EA-F80478CB1CFC}.Debug|Any CPU.ActiveCfg = Debug|Any CPU
		{9DAE7E71-B4AB-7BAA-85EA-F80478CB1CFC}.Debug|Any CPU.Build.0 = Debug|Any CPU
		{9DAE7E71-B4AB-7BAA-85EA-F80478CB1CFC}.Release|Any CPU.ActiveCfg = Release|Any CPU
		{9DAE7E71-B4AB-7BAA-85EA-F80478CB1CFC}.Release|Any CPU.Build.0 = Release|Any CPU
	EndGlobalSection
	GlobalSection(SolutionProperties) = preSolution
		HideSolutionNode = FALSE
	EndGlobalSection
																					GlobalSection(MonoDevelopProperties) = preSolution
		StartupItem = Assembly-CSharp.csproj
		Policies = $0
		$0.TextStylePolicy = $1
		$1.inheritsSet = null
		$1.scope = text/x-csharp
		$0.CSharpFormattingPolicy = $2
		$2.inheritsSet = Mono
		$2.inheritsScope = text/x-csharp
		$2.scope = text/x-csharp
		$0.TextStylePolicy = $3
		$3.FileWidth = 120
		$3.TabWidth = 4
		$3.IndentWidth = 4
		$3.EolMarker = Unix
		$3.inheritsSet = Mono
		$3.inheritsScope = text/plain
		$3.scope = text/plain
	EndGlobalSection

EndGlobal
